// !$*UTF8*$!
{
	archiveVersion = 1;
	classes = {
	};
	objectVersion = 46;
	objects = {

/* Begin PBXBuildFile section */
		161AABD01F43E123004A37A4 /* main.m in Sources */ = {isa = PBXBuildFile; fileRef = 161AABCF1F43E123004A37A4 /* main.m */; };
		161AABD31F43E123004A37A4 /* AppDelegate.m in Sources */ = {isa = PBXBuildFile; fileRef = 161AABD21F43E123004A37A4 /* AppDelegate.m */; };
		161AABD61F43E123004A37A4 /* ViewController.m in Sources */ = {isa = PBXBuildFile; fileRef = 161AABD51F43E123004A37A4 /* ViewController.m */; };
		161AABD91F43E123004A37A4 /* Main.storyboard in Resources */ = {isa = PBXBuildFile; fileRef = 161AABD71F43E123004A37A4 /* Main.storyboard */; };
		161AABDB1F43E123004A37A4 /* Assets.xcassets in Resources */ = {isa = PBXBuildFile; fileRef = 161AABDA1F43E123004A37A4 /* Assets.xcassets */; };
		161AABDE1F43E123004A37A4 /* LaunchScreen.storyboard in Resources */ = {isa = PBXBuildFile; fileRef = 161AABDC1F43E123004A37A4 /* LaunchScreen.storyboard */; };
		161AABE91F43E124004A37A4 /* OpenGLTwoTests.m in Sources */ = {isa = PBXBuildFile; fileRef = 161AABE81F43E124004A37A4 /* OpenGLTwoTests.m */; };
		161AABF41F43E124004A37A4 /* OpenGLTwoUITests.m in Sources */ = {isa = PBXBuildFile; fileRef = 161AABF31F43E124004A37A4 /* OpenGLTwoUITests.m */; };
		161AAC021F4411A0004A37A4 /* bg.jpg in Resources */ = {isa = PBXBuildFile; fileRef = 161AAC011F4411A0004A37A4 /* bg.jpg */; };
/* End PBXBuildFile section */

/* Begin PBXContainerItemProxy section */
		161AABE51F43E124004A37A4 /* PBXContainerItemProxy */ = {
			isa = PBXContainerItemProxy;
			containerPortal = 161AABC31F43E123004A37A4 /* Project object */;
			proxyType = 1;
			remoteGlobalIDString = 161AABCA1F43E123004A37A4;
			remoteInfo = OpenGLTwo;
		};
		161AABF01F43E124004A37A4 /* PBXContainerItemProxy */ = {
			isa = PBXContainerItemProxy;
			containerPortal = 161AABC31F43E123004A37A4 /* Project object */;
			proxyType = 1;
			remoteGlobalIDString = 161AABCA1F43E123004A37A4;
			remoteInfo = OpenGLTwo;
		};
/* End PBXContainerItemProxy section */

/* Begin PBXFileReference section */
		161AABCB1F43E123004A37A4 /* OpenGLTwo.app */ = {isa = PBXFileReference; explicitFileType = wrapper.application; includeInIndex = 0; path = OpenGLTwo.app; sourceTree = BUILT_PRODUCTS_DIR; };
		161AABCF1F43E123004A37A4 /* main.m */ = {isa = PBXFileReference; lastKnownFileType = sourcecode.c.objc; path = main.m; sourceTree = "<group>"; };
		161AABD11F43E123004A37A4 /* AppDelegate.h */ = {isa = PBXFileReference; lastKnownFileType = sourcecode.c.h; path = AppDelegate.h; sourceTree = "<group>"; };
		161AABD21F43E123004A37A4 /* AppDelegate.m */ = {isa = PBXFileReference; lastKnownFileType = sourcecode.c.objc; path = AppDelegate.m; sourceTree = "<group>"; };
		161AABD41F43E123004A37A4 /* ViewController.h */ = {isa = PBXFileReference; lastKnownFileType = sourcecode.c.h; path = ViewController.h; sourceTree = "<group>"; };
		161AABD51F43E123004A37A4 /* ViewController.m */ = {isa = PBXFileReference; lastKnownFileType = sourcecode.c.objc; path = ViewController.m; sourceTree = "<group>"; };
		161AABD81F43E123004A37A4 /* Base */ = {isa = PBXFileReference; lastKnownFileType = file.storyboard; name = Base; path = Base.lproj/Main.storyboard; sourceTree = "<group>"; };
		161AABDA1F43E123004A37A4 /* Assets.xcassets */ = {isa = PBXFileReference; lastKnownFileType = folder.assetcatalog; path = Assets.xcassets; sourceTree = "<group>"; };
		161AABDD1F43E123004A37A4 /* Base */ = {isa = PBXFileReference; lastKnownFileType = file.storyboard; name = Base; path = Base.lproj/LaunchScreen.storyboard; sourceTree = "<group>"; };
		161AABDF1F43E123004A37A4 /* Info.plist */ = {isa = PBXFileReference; lastKnownFileType = text.plist.xml; path = Info.plist; sourceTree = "<group>"; };
		161AABE41F43E124004A37A4 /* OpenGLTwoTests.xctest */ = {isa = PBXFileReference; explicitFileType = wrapper.cfbundle; includeInIndex = 0; path = OpenGLTwoTests.xctest; sourceTree = BUILT_PRODUCTS_DIR; };
		161AABE81F43E124004A37A4 /* OpenGLTwoTests.m */ = {isa = PBXFileReference; lastKnownFileType = sourcecode.c.objc; path = OpenGLTwoTests.m; sourceTree = "<group>"; };
		161AABEA1F43E124004A37A4 /* Info.plist */ = {isa = PBXFileReference; lastKnownFileType = text.plist.xml; path = Info.plist; sourceTree = "<group>"; };
		161AABEF1F43E124004A37A4 /* OpenGLTwoUITests.xctest */ = {isa = PBXFileReference; explicitFileType = wrapper.cfbundle; includeInIndex = 0; path = OpenGLTwoUITests.xctest; sourceTree = BUILT_PRODUCTS_DIR; };
		161AABF31F43E124004A37A4 /* OpenGLTwoUITests.m */ = {isa = PBXFileReference; lastKnownFileType = sourcecode.c.objc; path = OpenGLTwoUITests.m; sourceTree = "<group>"; };
		161AABF51F43E124004A37A4 /* Info.plist */ = {isa = PBXFileReference; lastKnownFileType = text.plist.xml; path = Info.plist; sourceTree = "<group>"; };
		161AAC011F4411A0004A37A4 /* bg.jpg */ = {isa = PBXFileReference; lastKnownFileType = image.jpeg; path = bg.jpg; sourceTree = "<group>"; };
/* End PBXFileReference section */

/* Begin PBXFrameworksBuildPhase section */
		161AABC81F43E123004A37A4 /* Frameworks */ = {
			isa = PBXFrameworksBuildPhase;
			buildActionMask = 2147483647;
			files = (
			);
			runOnlyForDeploymentPostprocessing = 0;
		};
		161AABE11F43E124004A37A4 /* Frameworks */ = {
			isa = PBXFrameworksBuildPhase;
			buildActionMask = 2147483647;
			files = (
			);
			runOnlyForDeploymentPostprocessing = 0;
		};
		161AABEC1F43E124004A37A4 /* Frameworks */ = {
			isa = PBXFrameworksBuildPhase;
			buildActionMask = 2147483647;
			files = (
			);
			runOnlyForDeploymentPostprocessing = 0;
		};
/* End PBXFrameworksBuildPhase section */

/* Begin PBXGroup section */
		161AABC21F43E123004A37A4 = {
			isa = PBXGroup;
			children = (
				161AABCD1F43E123004A37A4 /* OpenGLTwo */,
				161AABE71F43E124004A37A4 /* OpenGLTwoTests */,
				161AABF21F43E124004A37A4 /* OpenGLTwoUITests */,
				161AABCC1F43E123004A37A4 /* Products */,
			);
			sourceTree = "<group>";
		};
		161AABCC1F43E123004A37A4 /* Products */ = {
			isa = PBXGroup;
			children = (
				161AABCB1F43E123004A37A4 /* OpenGLTwo.app */,
				161AABE41F43E124004A37A4 /* OpenGLTwoTests.xctest */,
				161AABEF1F43E124004A37A4 /* OpenGLTwoUITests.xctest */,
			);
			name = Products;
			sourceTree = "<group>";
		};
		161AABCD1F43E123004A37A4 /* OpenGLTwo */ = {
			isa = PBXGroup;
			children = (
				161AAC011F4411A0004A37A4 /* bg.jpg */,
				161AABD11F43E123004A37A4 /* AppDelegate.h */,
				161AABD21F43E123004A37A4 /* AppDelegate.m */,
				161AABD41F43E123004A37A4 /* ViewController.h */,
				161AABD51F43E123004A37A4 /* ViewController.m */,
				161AABD71F43E123004A37A4 /* Main.storyboard */,
				161AABDA1F43E123004A37A4 /* Assets.xcassets */,
				161AABDC1F43E123004A37A4 /* LaunchScreen.storyboard */,
				161AABDF1F43E123004A37A4 /* Info.plist */,
				161AABCE1F43E123004A37A4 /* Supporting Files */,
			);
			path = OpenGLTwo;
			sourceTree = "<group>";
		};
		161AABCE1F43E123004A37A4 /* Supporting Files */ = {
			isa = PBXGroup;
			children = (
				161AABCF1F43E123004A37A4 /* main.m */,
			);
			name = "Supporting Files";
			sourceTree = "<group>";
		};
		161AABE71F43E124004A37A4 /* OpenGLTwoTests */ = {
			isa = PBXGroup;
			children = (
				161AABE81F43E124004A37A4 /* OpenGLTwoTests.m */,
				161AABEA1F43E124004A37A4 /* Info.plist */,
			);
			path = OpenGLTwoTests;
			sourceTree = "<group>";
		};
		161AABF21F43E124004A37A4 /* OpenGLTwoUITests */ = {
			isa = PBXGroup;
			children = (
				161AABF31F43E124004A37A4 /* OpenGLTwoUITests.m */,
				161AABF51F43E124004A37A4 /* Info.plist */,
			);
			path = OpenGLTwoUITests;
			sourceTree = "<group>";
		};
/* End PBXGroup section */

/* Begin PBXNativeTarget section */
		161AABCA1F43E123004A37A4 /* OpenGLTwo */ = {
			isa = PBXNativeTarget;
			buildConfigurationList = 161AABF81F43E124004A37A4 /* Build configuration list for PBXNativeTarget "OpenGLTwo" */;
			buildPhases = (
				161AABC71F43E123004A37A4 /* Sources */,
				161AABC81F43E123004A37A4 /* Frameworks */,
				161AABC91F43E123004A37A4 /* Resources */,
			);
			buildRules = (
			);
			dependencies = (
			);
			name = OpenGLTwo;
			productName = OpenGLTwo;
			productReference = 161AABCB1F43E123004A37A4 /* OpenGLTwo.app */;
			productType = "com.apple.product-type.application";
		};
		161AABE31F43E124004A37A4 /* OpenGLTwoTests */ = {
			isa = PBXNativeTarget;
			buildConfigurationList = 161AABFB1F43E124004A37A4 /* Build configuration list for PBXNativeTarget "OpenGLTwoTests" */;
			buildPhases = (
				161AABE01F43E124004A37A4 /* Sources */,
				161AABE11F43E124004A37A4 /* Frameworks */,
				161AABE21F43E124004A37A4 /* Resources */,
			);
			buildRules = (
			);
			dependencies = (
				161AABE61F43E124004A37A4 /* PBXTargetDependency */,
			);
			name = OpenGLTwoTests;
			productName = OpenGLTwoTests;
			productReference = 161AABE41F43E124004A37A4 /* OpenGLTwoTests.xctest */;
			productType = "com.apple.product-type.bundle.unit-test";
		};
		161AABEE1F43E124004A37A4 /* OpenGLTwoUITests */ = {
			isa = PBXNativeTarget;
			buildConfigurationList = 161AABFE1F43E124004A37A4 /* Build configuration list for PBXNativeTarget "OpenGLTwoUITests" */;
			buildPhases = (
				161AABEB1F43E124004A37A4 /* Sources */,
				161AABEC1F43E124004A37A4 /* Frameworks */,
				161AABED1F43E124004A37A4 /* Resources */,
			);
			buildRules = (
			);
			dependencies = (
				161AABF11F43E124004A37A4 /* PBXTargetDependency */,
			);
			name = OpenGLTwoUITests;
			productName = OpenGLTwoUITests;
			productReference = 161AABEF1F43E124004A37A4 /* OpenGLTwoUITests.xctest */;
			productType = "com.apple.product-type.bundle.ui-testing";
		};
/* End PBXNativeTarget section */

/* Begin PBXProject section */
		161AABC31F43E123004A37A4 /* Project object */ = {
			isa = PBXProject;
			attributes = {
				LastUpgradeCheck = 0830;
				ORGANIZATIONNAME = jshtmhy;
				TargetAttributes = {
					161AABCA1F43E123004A37A4 = {
						CreatedOnToolsVersion = 8.3.3;
						ProvisioningStyle = Automatic;
					};
					161AABE31F43E124004A37A4 = {
						CreatedOnToolsVersion = 8.3.3;
						ProvisioningStyle = Automatic;
						TestTargetID = 161AABCA1F43E123004A37A4;
					};
					161AABEE1F43E124004A37A4 = {
						CreatedOnToolsVersion = 8.3.3;
						ProvisioningStyle = Automatic;
						TestTargetID = 161AABCA1F43E123004A37A4;
					};
				};
			};
			buildConfigurationList = 161AABC61F43E123004A37A4 /* Build configuration list for PBXProject "OpenGLTwo" */;
			compatibilityVersion = "Xcode 3.2";
			developmentRegion = English;
			hasScannedForEncodings = 0;
			knownRegions = (
				en,
				Base,
			);
			mainGroup = 161AABC21F43E123004A37A4;
			productRefGroup = 161AABCC1F43E123004A37A4 /* Products */;
			projectDirPath = "";
			projectRoot = "";
			targets = (
				161AABCA1F43E123004A37A4 /* OpenGLTwo */,
				161AABE31F43E124004A37A4 /* OpenGLTwoTests */,
				161AABEE1F43E124004A37A4 /* OpenGLTwoUITests */,
			);
		};
/* End PBXProject section */

/* Begin PBXResourcesBuildPhase section */
		161AABC91F43E123004A37A4 /* Resources */ = {
			isa = PBXResourcesBuildPhase;
			buildActionMask = 2147483647;
			files = (
				161AABDE1F43E123004A37A4 /* LaunchScreen.storyboard in Resources */,
				161AABDB1F43E123004A37A4 /* Assets.xcassets in Resources */,
				161AAC021F4411A0004A37A4 /* bg.jpg in Resources */,
				161AABD91F43E123004A37A4 /* Main.storyboard in Resources */,
			);
			runOnlyForDeploymentPostprocessing = 0;
		};
		161AABE21F43E124004A37A4 /* Resources */ = {
			isa = PBXResourcesBuildPhase;
			buildActionMask = 2147483647;
			files = (
			);
			runOnlyForDeploymentPostprocessing = 0;
		};
		161AABED1F43E124004A37A4 /* Resources */ = {
			isa = PBXResourcesBuildPhase;
			buildActionMask = 2147483647;
			files = (
			);
			runOnlyForDeploymentPostprocessing = 0;
		};
/* End PBXResourcesBuildPhase section */

/* Begin PBXSourcesBuildPhase section */
		161AABC71F43E123004A37A4 /* Sources */ = {
			isa = PBXSourcesBuildPhase;
			buildActionMask = 2147483647;
			files = (
				161AABD61F43E123004A37A4 /* ViewController.m in Sources */,
				161AABD31F43E123004A37A4 /* AppDelegate.m in Sources */,
				161AABD01F43E123004A37A4 /* main.m in Sources */,
			);
			runOnlyForDeploymentPostprocessing = 0;
		};
		161AABE01F43E124004A37A4 /* Sources */ = {
			isa = PBXSourcesBuildPhase;
			buildActionMask = 2147483647;
			files = (
				161AABE91F43E124004A37A4 /* OpenGLTwoTests.m in Sources */,
			);
			runOnlyForDeploymentPostprocessing = 0;
		};
		161AABEB1F43E124004A37A4 /* Sources */ = {
			isa = PBXSourcesBuildPhase;
			buildActionMask = 2147483647;
			files = (
				161AABF41F43E124004A37A4 /* OpenGLTwoUITests.m in Sources */,
			);
			runOnlyForDeploymentPostprocessing = 0;
		};
/* End PBXSourcesBuildPhase section */

/* Begin PBXTargetDependency section */
		161AABE61F43E124004A37A4 /* PBXTargetDependency */ = {
			isa = PBXTargetDependency;
			target = 161AABCA1F43E123004A37A4 /* OpenGLTwo */;
			targetProxy = 161AABE51F43E124004A37A4 /* PBXContainerItemProxy */;
		};
		161AABF11F43E124004A37A4 /* PBXTargetDependency */ = {
			isa = PBXTargetDependency;
			target = 161AABCA1F43E123004A37A4 /* OpenGLTwo */;
			targetProxy = 161AABF01F43E124004A37A4 /* PBXContainerItemProxy */;
		};
/* End PBXTargetDependency section */

/* Begin PBXVariantGroup section */
		161AABD71F43E123004A37A4 /* Main.storyboard */ = {
			isa = PBXVariantGroup;
			children = (
				161AABD81F43E123004A37A4 /* Base */,
			);
			name = Main.storyboard;
			sourceTree = "<group>";
		};
		161AABDC1F43E123004A37A4 /* LaunchScreen.storyboard */ = {
			isa = PBXVariantGroup;
			children = (
				161AABDD1F43E123004A37A4 /* Base */,
			);
			name = LaunchScreen.storyboard;
			sourceTree = "<group>";
		};
/* End PBXVariantGroup section */

/* Begin XCBuildConfiguration section */
		161AABF61F43E124004A37A4 /* Debug */ = {
			isa = XCBuildConfiguration;
			buildSettings = {
				ALWAYS_SEARCH_USER_PATHS = NO;
				CLANG_ANALYZER_NONNULL = YES;
				CLANG_ANALYZER_NUMBER_OBJECT_CONVERSION = YES_AGGRESSIVE;
				CLANG_CXX_LANGUAGE_STANDARD = "gnu++0x";
				CLANG_CXX_LIBRARY = "libc++";
				CLANG_ENABLE_MODULES = YES;
				CLANG_ENABLE_OBJC_ARC = YES;
				CLANG_WARN_BOOL_CONVERSION = YES;
				CLANG_WARN_CONSTANT_CONVERSION = YES;
				CLANG_WARN_DIRECT_OBJC_ISA_USAGE = YES_ERROR;
				CLANG_WARN_DOCUMENTATION_COMMENTS = YES;
				CLANG_WARN_EMPTY_BODY = YES;
				CLANG_WARN_ENUM_CONVERSION = YES;
				CLANG_WARN_INFINITE_RECURSION = YES;
				CLANG_WARN_INT_CONVERSION = YES;
				CLANG_WARN_OBJC_ROOT_CLASS = YES_ERROR;
				CLANG_WARN_SUSPICIOUS_MOVE = YES;
				CLANG_WARN_UNREACHABLE_CODE = YES;
				CLANG_WARN__DUPLICATE_METHOD_MATCH = YES;
				"CODE_SIGN_IDENTITY[sdk=iphoneos*]" = "iPhone Developer";
				COPY_PHASE_STRIP = NO;
				DEBUG_INFORMATION_FORMAT = dwarf;
				ENABLE_STRICT_OBJC_MSGSEND = YES;
				ENABLE_TESTABILITY = YES;
				GCC_C_LANGUAGE_STANDARD = gnu99;
				GCC_DYNAMIC_NO_PIC = NO;
				GCC_NO_COMMON_BLOCKS = YES;
				GCC_OPTIMIZATION_LEVEL = 0;
				GCC_PREPROCESSOR_DEFINITIONS = (
					"DEBUG=1",
					"$(inherited)",
				);
				GCC_WARN_64_TO_32_BIT_CONVERSION = YES;
				GCC_WARN_ABOUT_RETURN_TYPE = YES_ERROR;
				GCC_WARN_UNDECLARED_SELECTOR = YES;
				GCC_WARN_UNINITIALIZED_AUTOS = YES_AGGRESSIVE;
				GCC_WARN_UNUSED_FUNCTION = YES;
				GCC_WARN_UNUSED_VARIABLE = YES;
				IPHONEOS_DEPLOYMENT_TARGET = 10.3;
				MTL_ENABLE_DEBUG_INFO = YES;
				ONLY_ACTIVE_ARCH = YES;
				SDKROOT = iphoneos;
				TARGETED_DEVICE_FAMILY = "1,2";
			};
			name = Debug;
		};
		161AABF71F43E124004A37A4 /* Release */ = {
			isa = XCBuildConfiguration;
			buildSettings = {
				ALWAYS_SEARCH_USER_PATHS = NO;
				CLANG_ANALYZER_NONNULL = YES;
				CLANG_ANALYZER_NUMBER_OBJECT_CONVERSION = YES_AGGRESSIVE;
				CLANG_CXX_LANGUAGE_STANDARD = "gnu++0x";
				CLANG_CXX_LIBRARY = "libc++";
				CLANG_ENABLE_MODULES = YES;
				CLANG_ENABLE_OBJC_ARC = YES;
				CLANG_WARN_BOOL_CONVERSION = YES;
				CLANG_WARN_CONSTANT_CONVERSION = YES;
				CLANG_WARN_DIRECT_OBJC_ISA_USAGE = YES_ERROR;
				CLANG_WARN_DOCUMENTATION_COMMENTS = YES;
				CLANG_WARN_EMPTY_BODY = YES;
				CLANG_WARN_ENUM_CONVERSION = YES;
				CLANG_WARN_INFINITE_RECURSION = YES;
				CLANG_WARN_INT_CONVERSION = YES;
				CLANG_WARN_OBJC_ROOT_CLASS = YES_ERROR;
				CLANG_WARN_SUSPICIOUS_MOVE = YES;
				CLANG_WARN_UNREACHABLE_CODE = YES;
				CLANG_WARN__DUPLICATE_METHOD_MATCH = YES;
				"CODE_SIGN_IDENTITY[sdk=iphoneos*]" = "iPhone Developer";
				COPY_PHASE_STRIP = NO;
				DEBUG_INFORMATION_FORMAT = "dwarf-with-dsym";
				ENABLE_NS_ASSERTIONS = NO;
				ENABLE_STRICT_OBJC_MSGSEND = YES;
				GCC_C_LANGUAGE_STANDARD = gnu99;
				GCC_NO_COMMON_BLOCKS = YES;
				GCC_WARN_64_TO_32_BIT_CONVERSION = YES;
				GCC_WARN_ABOUT_RETURN_TYPE = YES_ERROR;
				GCC_WARN_UNDECLARED_SELECTOR = YES;
				GCC_WARN_UNINITIALIZED_AUTOS = YES_AGGRESSIVE;
				GCC_WARN_UNUSED_FUNCTION = YES;
				GCC_WARN_UNUSED_VARIABLE = YES;
				IPHONEOS_DEPLOYMENT_TARGET = 10.3;
				MTL_ENABLE_DEBUG_INFO = NO;
				SDKROOT = iphoneos;
				TARGETED_DEVICE_FAMILY = "1,2";
				VALIDATE_PRODUCT = YES;
			};
			name = Release;
		};
		161AABF91F43E124004A37A4 /* Debug */ = {
			isa = XCBuildConfiguration;
			buildSettings = {
				ASSETCATALOG_COMPILER_APPICON_NAME = AppIcon;
				INFOPLIST_FILE = OpenGLTwo/Info.plist;
				LD_RUNPATH_SEARCH_PATHS = "$(inherited) @executable_path/Frameworks";
				PRODUCT_BUNDLE_IDENTIFIER = com.jsht.OpenGLTwo;
				PRODUCT_NAME = "$(TARGET_NAME)";
			};
			name = Debug;
		};
		161AABFA1F43E124004A37A4 /* Release */ = {
			isa = XCBuildConfiguration;
			buildSettings = {
				ASSETCATALOG_COMPILER_APPICON_NAME = AppIcon;
				INFOPLIST_FILE = OpenGLTwo/Info.plist;
				LD_RUNPATH_SEARCH_PATHS = "$(inherited) @executable_path/Frameworks";
				PRODUCT_BUNDLE_IDENTIFIER = com.jsht.OpenGLTwo;
				PRODUCT_NAME = "$(TARGET_NAME)";
			};
			name = Release;
		};
		161AABFC1F43E124004A37A4 /* Debug */ = {
			isa = XCBuildConfiguration;
			buildSettings = {
				BUNDLE_LOADER = "$(TEST_HOST)";
				INFOPLIST_FILE = OpenGLTwoTests/Info.plist;
				LD_RUNPATH_SEARCH_PATHS = "$(inherited) @executable_path/Frameworks @loader_path/Frameworks";
				PRODUCT_BUNDLE_IDENTIFIER = com.jsht.OpenGLTwoTests;
				PRODUCT_NAME = "$(TARGET_NAME)";
				TEST_HOST = "$(BUILT_PRODUCTS_DIR)/OpenGLTwo.app/OpenGLTwo";
			};
			name = Debug;
		};
		161AABFD1F43E124004A37A4 /* Release */ = {
			isa = XCBuildConfiguration;
			buildSettings = {
				BUNDLE_LOADER = "$(TEST_HOST)";
				INFOPLIST_FILE = OpenGLTwoTests/Info.plist;
				LD_RUNPATH_SEARCH_PATHS = "$(inherited) @executable_path/Frameworks @loader_path/Frameworks";
				PRODUCT_BUNDLE_IDENTIFIER = com.jsht.OpenGLTwoTests;
				PRODUCT_NAME = "$(TARGET_NAME)";
				TEST_HOST = "$(BUILT_PRODUCTS_DIR)/OpenGLTwo.app/OpenGLTwo";
			};
			name = Release;
		};
		161AABFF1F43E124004A37A4 /* Debug */ = {
			isa = XCBuildConfiguration;
			buildSettings = {
				INFOPLIST_FILE = OpenGLTwoUITests/Info.plist;
				LD_RUNPATH_SEARCH_PATHS = "$(inherited) @executable_path/Frameworks @loader_path/Frameworks";
				PRODUCT_BUNDLE_IDENTIFIER = com.jsht.OpenGLTwoUITests;
				PRODUCT_NAME = "$(TARGET_NAME)";
				TEST_TARGET_NAME = OpenGLTwo;
			};
			name = Debug;
		};
		161AAC001F43E124004A37A4 /* Release */ = {
			isa = XCBuildConfiguration;
			buildSettings = {
				INFOPLIST_FILE = OpenGLTwoUITests/Info.plist;
				LD_RUNPATH_SEARCH_PATHS = "$(inherited) @executable_path/Frameworks @loader_path/Frameworks";
				PRODUCT_BUNDLE_IDENTIFIER = com.jsht.OpenGLTwoUITests;
				PRODUCT_NAME = "$(TARGET_NAME)";
				TEST_TARGET_NAME = OpenGLTwo;
			};
			name = Release;
		};
/* End XCBuildConfiguration section */

/* Begin XCConfigurationList section */
		161AABC61F43E123004A37A4 /* Build configuration list for PBXProject "OpenGLTwo" */ = {
			isa = XCConfigurationList;
			buildConfigurations = (
				161AABF61F43E124004A37A4 /* Debug */,
				161AABF71F43E124004A37A4 /* Release */,
			);
			defaultConfigurationIsVisible = 0;
			defaultConfigurationName = Release;
		};
		161AABF81F43E124004A37A4 /* Build configuration list for PBXNativeTarget "OpenGLTwo" */ = {
			isa = XCConfigurationList;
			buildConfigurations = (
				161AABF91F43E124004A37A4 /* Debug */,
				161AABFA1F43E124004A37A4 /* Release */,
			);
			defaultConfigurationIsVisible = 0;
		};
		161AABFB1F43E124004A37A4 /* Build configuration list for PBXNativeTarget "OpenGLTwoTests" */ = {
			isa = XCConfigurationList;
			buildConfigurations = (
				161AABFC1F43E124004A37A4 /* Debug */,
				161AABFD1F43E124004A37A4 /* Release */,
			);
			defaultConfigurationIsVisible = 0;
		};
		161AABFE1F43E124004A37A4 /* Build configuration list for PBXNativeTarget "OpenGLTwoUITests" */ = {
			isa = XCConfigurationList;
			buildConfigurations = (
				161AABFF1F43E124004A37A4 /* Debug */,
				161AAC001F43E124004A37A4 /* Release */,
			);
			defaultConfigurationIsVisible = 0;
		};
/* End XCConfigurationList section */
	};
	rootObject = 161AABC31F43E123004A37A4 /* Project object */;
}
